// !$*UTF8*$!
{
	archiveVersion = 1;
	classes = {
	};
	objectVersion = 50;
	objects = {

/* Begin PBXBuildFile section */
		096A843123F7062500EDE276 /* AppDelegate.swift in Sources */ = {isa = PBXBuildFile; fileRef = 096A843023F7062500EDE276 /* AppDelegate.swift */; };
		096A843323F7062500EDE276 /* SceneDelegate.swift in Sources */ = {isa = PBXBuildFile; fileRef = 096A843223F7062500EDE276 /* SceneDelegate.swift */; };
		096A843523F7062500EDE276 /* ViewController.swift in Sources */ = {isa = PBXBuildFile; fileRef = 096A843423F7062500EDE276 /* ViewController.swift */; };
		096A843823F7062500EDE276 /* Main.storyboard in Resources */ = {isa = PBXBuildFile; fileRef = 096A843623F7062500EDE276 /* Main.storyboard */; };
		096A843A23F7062A00EDE276 /* Assets.xcassets in Resources */ = {isa = PBXBuildFile; fileRef = 096A843923F7062A00EDE276 /* Assets.xcassets */; };
		096A843D23F7062A00EDE276 /* LaunchScreen.storyboard in Resources */ = {isa = PBXBuildFile; fileRef = 096A843B23F7062A00EDE276 /* LaunchScreen.storyboard */; };
		096A844823F7062A00EDE276 /* Potion_UnlockTests.swift in Sources */ = {isa = PBXBuildFile; fileRef = 096A844723F7062A00EDE276 /* Potion_UnlockTests.swift */; };
		096A845323F7062A00EDE276 /* Potion_UnlockUITests.swift in Sources */ = {isa = PBXBuildFile; fileRef = 096A845223F7062A00EDE276 /* Potion_UnlockUITests.swift */; };
		096A846123F774B000EDE276 /* CircularSlider.swift in Sources */ = {isa = PBXBuildFile; fileRef = 096A846023F774B000EDE276 /* CircularSlider.swift */; };
		096A846323F774BC00EDE276 /* CircularSliderHandle.swift in Sources */ = {isa = PBXBuildFile; fileRef = 096A846223F774BC00EDE276 /* CircularSliderHandle.swift */; };
		096A846523F774CB00EDE276 /* DoubleHandleCircularSlider.swift in Sources */ = {isa = PBXBuildFile; fileRef = 096A846423F774CB00EDE276 /* DoubleHandleCircularSlider.swift */; };
		096A846723F774D400EDE276 /* CircularTrig.swift in Sources */ = {isa = PBXBuildFile; fileRef = 096A846623F774D400EDE276 /* CircularTrig.swift */; };
		096A846923F7750B00EDE276 /* GradientCircularSlider.swift in Sources */ = {isa = PBXBuildFile; fileRef = 096A846823F7750B00EDE276 /* GradientCircularSlider.swift */; };
/* End PBXBuildFile section */

/* Begin PBXContainerItemProxy section */
		096A844423F7062A00EDE276 /* PBXContainerItemProxy */ = {
			isa = PBXContainerItemProxy;
			containerPortal = 096A842523F7062500EDE276 /* Project object */;
			proxyType = 1;
			remoteGlobalIDString = 096A842C23F7062500EDE276;
			remoteInfo = "Potion Unlock";
		};
		096A844F23F7062A00EDE276 /* PBXContainerItemProxy */ = {
			isa = PBXContainerItemProxy;
			containerPortal = 096A842523F7062500EDE276 /* Project object */;
			proxyType = 1;
			remoteGlobalIDString = 096A842C23F7062500EDE276;
			remoteInfo = "Potion Unlock";
		};
/* End PBXContainerItemProxy section */

/* Begin PBXFileReference section */
		096A842D23F7062500EDE276 /* Potion Unlock.app */ = {isa = PBXFileReference; explicitFileType = wrapper.application; includeInIndex = 0; path = "Potion Unlock.app"; sourceTree = BUILT_PRODUCTS_DIR; };
		096A843023F7062500EDE276 /* AppDelegate.swift */ = {isa = PBXFileReference; lastKnownFileType = sourcecode.swift; path = AppDelegate.swift; sourceTree = "<group>"; };
		096A843223F7062500EDE276 /* SceneDelegate.swift */ = {isa = PBXFileReference; lastKnownFileType = sourcecode.swift; path = SceneDelegate.swift; sourceTree = "<group>"; };
		096A843423F7062500EDE276 /* ViewController.swift */ = {isa = PBXFileReference; lastKnownFileType = sourcecode.swift; path = ViewController.swift; sourceTree = "<group>"; };
		096A843723F7062500EDE276 /* Base */ = {isa = PBXFileReference; lastKnownFileType = file.storyboard; name = Base; path = Base.lproj/Main.storyboard; sourceTree = "<group>"; };
		096A843923F7062A00EDE276 /* Assets.xcassets */ = {isa = PBXFileReference; lastKnownFileType = folder.assetcatalog; path = Assets.xcassets; sourceTree = "<group>"; };
		096A843C23F7062A00EDE276 /* Base */ = {isa = PBXFileReference; lastKnownFileType = file.storyboard; name = Base; path = Base.lproj/LaunchScreen.storyboard; sourceTree = "<group>"; };
		096A843E23F7062A00EDE276 /* Info.plist */ = {isa = PBXFileReference; lastKnownFileType = text.plist.xml; path = Info.plist; sourceTree = "<group>"; };
		096A844323F7062A00EDE276 /* Potion UnlockTests.xctest */ = {isa = PBXFileReference; explicitFileType = wrapper.cfbundle; includeInIndex = 0; path = "Potion UnlockTests.xctest"; sourceTree = BUILT_PRODUCTS_DIR; };
		096A844723F7062A00EDE276 /* Potion_UnlockTests.swift */ = {isa = PBXFileReference; lastKnownFileType = sourcecode.swift; path = Potion_UnlockTests.swift; sourceTree = "<group>"; };
		096A844923F7062A00EDE276 /* Info.plist */ = {isa = PBXFileReference; lastKnownFileType = text.plist.xml; path = Info.plist; sourceTree = "<group>"; };
		096A844E23F7062A00EDE276 /* Potion UnlockUITests.xctest */ = {isa = PBXFileReference; explicitFileType = wrapper.cfbundle; includeInIndex = 0; path = "Potion UnlockUITests.xctest"; sourceTree = BUILT_PRODUCTS_DIR; };
		096A845223F7062A00EDE276 /* Potion_UnlockUITests.swift */ = {isa = PBXFileReference; lastKnownFileType = sourcecode.swift; path = Potion_UnlockUITests.swift; sourceTree = "<group>"; };
		096A845423F7062A00EDE276 /* Info.plist */ = {isa = PBXFileReference; lastKnownFileType = text.plist.xml; path = Info.plist; sourceTree = "<group>"; };
		096A846023F774B000EDE276 /* CircularSlider.swift */ = {isa = PBXFileReference; fileEncoding = 4; lastKnownFileType = sourcecode.swift; path = CircularSlider.swift; sourceTree = "<group>"; };
		096A846223F774BC00EDE276 /* CircularSliderHandle.swift */ = {isa = PBXFileReference; fileEncoding = 4; lastKnownFileType = sourcecode.swift; path = CircularSliderHandle.swift; sourceTree = "<group>"; };
		096A846423F774CB00EDE276 /* DoubleHandleCircularSlider.swift */ = {isa = PBXFileReference; fileEncoding = 4; lastKnownFileType = sourcecode.swift; path = DoubleHandleCircularSlider.swift; sourceTree = "<group>"; };
		096A846623F774D400EDE276 /* CircularTrig.swift */ = {isa = PBXFileReference; fileEncoding = 4; lastKnownFileType = sourcecode.swift; path = CircularTrig.swift; sourceTree = "<group>"; };
		096A846823F7750B00EDE276 /* GradientCircularSlider.swift */ = {isa = PBXFileReference; fileEncoding = 4; lastKnownFileType = sourcecode.swift; path = GradientCircularSlider.swift; sourceTree = "<group>"; };
/* End PBXFileReference section */

/* Begin PBXFrameworksBuildPhase section */
		096A842A23F7062500EDE276 /* Frameworks */ = {
			isa = PBXFrameworksBuildPhase;
			buildActionMask = 2147483647;
			files = (
			);
			runOnlyForDeploymentPostprocessing = 0;
		};
		096A844023F7062A00EDE276 /* Frameworks */ = {
			isa = PBXFrameworksBuildPhase;
			buildActionMask = 2147483647;
			files = (
			);
			runOnlyForDeploymentPostprocessing = 0;
		};
		096A844B23F7062A00EDE276 /* Frameworks */ = {
			isa = PBXFrameworksBuildPhase;
			buildActionMask = 2147483647;
			files = (
			);
			runOnlyForDeploymentPostprocessing = 0;
		};
/* End PBXFrameworksBuildPhase section */

/* Begin PBXGroup section */
		096A842423F7062500EDE276 = {
			isa = PBXGroup;
			children = (
				096A846023F774B000EDE276 /* CircularSlider.swift */,
				096A846223F774BC00EDE276 /* CircularSliderHandle.swift */,
				096A846423F774CB00EDE276 /* DoubleHandleCircularSlider.swift */,
				096A846623F774D400EDE276 /* CircularTrig.swift */,
				096A846823F7750B00EDE276 /* GradientCircularSlider.swift */,
				096A842F23F7062500EDE276 /* Potion Unlock */,
				096A844623F7062A00EDE276 /* Potion UnlockTests */,
				096A845123F7062A00EDE276 /* Potion UnlockUITests */,
				096A842E23F7062500EDE276 /* Products */,
			);
			sourceTree = "<group>";
		};
		096A842E23F7062500EDE276 /* Products */ = {
			isa = PBXGroup;
			children = (
				096A842D23F7062500EDE276 /* Potion Unlock.app */,
				096A844323F7062A00EDE276 /* Potion UnlockTests.xctest */,
				096A844E23F7062A00EDE276 /* Potion UnlockUITests.xctest */,
			);
			name = Products;
			sourceTree = "<group>";
		};
		096A842F23F7062500EDE276 /* Potion Unlock */ = {
			isa = PBXGroup;
			children = (
				096A843023F7062500EDE276 /* AppDelegate.swift */,
				096A843223F7062500EDE276 /* SceneDelegate.swift */,
				096A843423F7062500EDE276 /* ViewController.swift */,
				096A843623F7062500EDE276 /* Main.storyboard */,
				096A843923F7062A00EDE276 /* Assets.xcassets */,
				096A843B23F7062A00EDE276 /* LaunchScreen.storyboard */,
				096A843E23F7062A00EDE276 /* Info.plist */,
			);
			path = "Potion Unlock";
			sourceTree = "<group>";
		};
		096A844623F7062A00EDE276 /* Potion UnlockTests */ = {
			isa = PBXGroup;
			children = (
				096A844723F7062A00EDE276 /* Potion_UnlockTests.swift */,
				096A844923F7062A00EDE276 /* Info.plist */,
			);
			path = "Potion UnlockTests";
			sourceTree = "<group>";
		};
		096A845123F7062A00EDE276 /* Potion UnlockUITests */ = {
			isa = PBXGroup;
			children = (
				096A845223F7062A00EDE276 /* Potion_UnlockUITests.swift */,
				096A845423F7062A00EDE276 /* Info.plist */,
			);
			path = "Potion UnlockUITests";
			sourceTree = "<group>";
		};
/* End PBXGroup section */

/* Begin PBXNativeTarget section */
		096A842C23F7062500EDE276 /* Potion Unlock */ = {
			isa = PBXNativeTarget;
			buildConfigurationList = 096A845723F7062A00EDE276 /* Build configuration list for PBXNativeTarget "Potion Unlock" */;
			buildPhases = (
				096A842923F7062500EDE276 /* Sources */,
				096A842A23F7062500EDE276 /* Frameworks */,
				096A842B23F7062500EDE276 /* Resources */,
			);
			buildRules = (
			);
			dependencies = (
			);
			name = "Potion Unlock";
			productName = "Potion Unlock";
			productReference = 096A842D23F7062500EDE276 /* Potion Unlock.app */;
			productType = "com.apple.product-type.application";
		};
		096A844223F7062A00EDE276 /* Potion UnlockTests */ = {
			isa = PBXNativeTarget;
			buildConfigurationList = 096A845A23F7062A00EDE276 /* Build configuration list for PBXNativeTarget "Potion UnlockTests" */;
			buildPhases = (
				096A843F23F7062A00EDE276 /* Sources */,
				096A844023F7062A00EDE276 /* Frameworks */,
				096A844123F7062A00EDE276 /* Resources */,
			);
			buildRules = (
			);
			dependencies = (
				096A844523F7062A00EDE276 /* PBXTargetDependency */,
			);
			name = "Potion UnlockTests";
			productName = "Potion UnlockTests";
			productReference = 096A844323F7062A00EDE276 /* Potion UnlockTests.xctest */;
			productType = "com.apple.product-type.bundle.unit-test";
		};
		096A844D23F7062A00EDE276 /* Potion UnlockUITests */ = {
			isa = PBXNativeTarget;
			buildConfigurationList = 096A845D23F7062A00EDE276 /* Build configuration list for PBXNativeTarget "Potion UnlockUITests" */;
			buildPhases = (
				096A844A23F7062A00EDE276 /* Sources */,
				096A844B23F7062A00EDE276 /* Frameworks */,
				096A844C23F7062A00EDE276 /* Resources */,
			);
			buildRules = (
			);
			dependencies = (
				096A845023F7062A00EDE276 /* PBXTargetDependency */,
			);
			name = "Potion UnlockUITests";
			productName = "Potion UnlockUITests";
			productReference = 096A844E23F7062A00EDE276 /* Potion UnlockUITests.xctest */;
			productType = "com.apple.product-type.bundle.ui-testing";
		};
/* End PBXNativeTarget section */

/* Begin PBXProject section */
		096A842523F7062500EDE276 /* Project object */ = {
			isa = PBXProject;
			attributes = {
				LastSwiftUpdateCheck = 1130;
				LastUpgradeCheck = 1130;
				ORGANIZATIONNAME = "Cristhian Sotelo";
				TargetAttributes = {
					096A842C23F7062500EDE276 = {
						CreatedOnToolsVersion = 11.3;
					};
					096A844223F7062A00EDE276 = {
						CreatedOnToolsVersion = 11.3;
						TestTargetID = 096A842C23F7062500EDE276;
					};
					096A844D23F7062A00EDE276 = {
						CreatedOnToolsVersion = 11.3;
						TestTargetID = 096A842C23F7062500EDE276;
					};
				};
			};
			buildConfigurationList = 096A842823F7062500EDE276 /* Build configuration list for PBXProject "Potion Unlock" */;
			compatibilityVersion = "Xcode 9.3";
			developmentRegion = en;
			hasScannedForEncodings = 0;
			knownRegions = (
				en,
				Base,
			);
			mainGroup = 096A842423F7062500EDE276;
			productRefGroup = 096A842E23F7062500EDE276 /* Products */;
			projectDirPath = "";
			projectRoot = "";
			targets = (
				096A842C23F7062500EDE276 /* Potion Unlock */,
				096A844223F7062A00EDE276 /* Potion UnlockTests */,
				096A844D23F7062A00EDE276 /* Potion UnlockUITests */,
			);
		};
/* End PBXProject section */

/* Begin PBXResourcesBuildPhase section */
		096A842B23F7062500EDE276 /* Resources */ = {
			isa = PBXResourcesBuildPhase;
			buildActionMask = 2147483647;
			files = (
				096A843D23F7062A00EDE276 /* LaunchScreen.storyboard in Resources */,
				096A843A23F7062A00EDE276 /* Assets.xcassets in Resources */,
				096A843823F7062500EDE276 /* Main.storyboard in Resources */,
			);
			runOnlyForDeploymentPostprocessing = 0;
		};
		096A844123F7062A00EDE276 /* Resources */ = {
			isa = PBXResourcesBuildPhase;
			buildActionMask = 2147483647;
			files = (
			);
			runOnlyForDeploymentPostprocessing = 0;
		};
		096A844C23F7062A00EDE276 /* Resources */ = {
			isa = PBXResourcesBuildPhase;
			buildActionMask = 2147483647;
			files = (
			);
			runOnlyForDeploymentPostprocessing = 0;
		};
/* End PBXResourcesBuildPhase section */

/* Begin PBXSourcesBuildPhase section */
		096A842923F7062500EDE276 /* Sources */ = {
			isa = PBXSourcesBuildPhase;
			buildActionMask = 2147483647;
			files = (
				096A843523F7062500EDE276 /* ViewController.swift in Sources */,
				096A843123F7062500EDE276 /* AppDelegate.swift in Sources */,
				096A846523F774CB00EDE276 /* DoubleHandleCircularSlider.swift in Sources */,
				096A846323F774BC00EDE276 /* CircularSliderHandle.swift in Sources */,
				096A846723F774D400EDE276 /* CircularTrig.swift in Sources */,
				096A846923F7750B00EDE276 /* GradientCircularSlider.swift in Sources */,
				096A843323F7062500EDE276 /* SceneDelegate.swift in Sources */,
				096A846123F774B000EDE276 /* CircularSlider.swift in Sources */,
			);
			runOnlyForDeploymentPostprocessing = 0;
		};
		096A843F23F7062A00EDE276 /* Sources */ = {
			isa = PBXSourcesBuildPhase;
			buildActionMask = 2147483647;
			files = (
				096A844823F7062A00EDE276 /* Potion_UnlockTests.swift in Sources */,
			);
			runOnlyForDeploymentPostprocessing = 0;
		};
		096A844A23F7062A00EDE276 /* Sources */ = {
			isa = PBXSourcesBuildPhase;
			buildActionMask = 2147483647;
			files = (
				096A845323F7062A00EDE276 /* Potion_UnlockUITests.swift in Sources */,
			);
			runOnlyForDeploymentPostprocessing = 0;
		};
/* End PBXSourcesBuildPhase section */

/* Begin PBXTargetDependency section */
		096A844523F7062A00EDE276 /* PBXTargetDependency */ = {
			isa = PBXTargetDependency;
			target = 096A842C23F7062500EDE276 /* Potion Unlock */;
			targetProxy = 096A844423F7062A00EDE276 /* PBXContainerItemProxy */;
		};
		096A845023F7062A00EDE276 /* PBXTargetDependency */ = {
			isa = PBXTargetDependency;
			target = 096A842C23F7062500EDE276 /* Potion Unlock */;
			targetProxy = 096A844F23F7062A00EDE276 /* PBXContainerItemProxy */;
		};
/* End PBXTargetDependency section */

/* Begin PBXVariantGroup section */
		096A843623F7062500EDE276 /* Main.storyboard */ = {
			isa = PBXVariantGroup;
			children = (
				096A843723F7062500EDE276 /* Base */,
			);
			name = Main.storyboard;
			sourceTree = "<group>";
		};
		096A843B23F7062A00EDE276 /* LaunchScreen.storyboard */ = {
			isa = PBXVariantGroup;
			children = (
				096A843C23F7062A00EDE276 /* Base */,
			);
			name = LaunchScreen.storyboard;
			sourceTree = "<group>";
		};
/* End PBXVariantGroup section */

/* Begin XCBuildConfiguration section */
		096A845523F7062A00EDE276 /* Debug */ = {
			isa = XCBuildConfiguration;
			buildSettings = {
				ALWAYS_SEARCH_USER_PATHS = NO;
				CLANG_ANALYZER_NONNULL = YES;
				CLANG_ANALYZER_NUMBER_OBJECT_CONVERSION = YES_AGGRESSIVE;
				CLANG_CXX_LANGUAGE_STANDARD = "gnu++14";
				CLANG_CXX_LIBRARY = "libc++";
				CLANG_ENABLE_MODULES = YES;
				CLANG_ENABLE_OBJC_ARC = YES;
				CLANG_ENABLE_OBJC_WEAK = YES;
				CLANG_WARN_BLOCK_CAPTURE_AUTORELEASING = YES;
				CLANG_WARN_BOOL_CONVERSION = YES;
				CLANG_WARN_COMMA = YES;
				CLANG_WARN_CONSTANT_CONVERSION = YES;
				CLANG_WARN_DEPRECATED_OBJC_IMPLEMENTATIONS = YES;
				CLANG_WARN_DIRECT_OBJC_ISA_USAGE = YES_ERROR;
				CLANG_WARN_DOCUMENTATION_COMMENTS = YES;
				CLANG_WARN_EMPTY_BODY = YES;
				CLANG_WARN_ENUM_CONVERSION = YES;
				CLANG_WARN_INFINITE_RECURSION = YES;
				CLANG_WARN_INT_CONVERSION = YES;
				CLANG_WARN_NON_LITERAL_NULL_CONVERSION = YES;
				CLANG_WARN_OBJC_IMPLICIT_RETAIN_SELF = YES;
				CLANG_WARN_OBJC_LITERAL_CONVERSION = YES;
				CLANG_WARN_OBJC_ROOT_CLASS = YES_ERROR;
				CLANG_WARN_RANGE_LOOP_ANALYSIS = YES;
				CLANG_WARN_STRICT_PROTOTYPES = YES;
				CLANG_WARN_SUSPICIOUS_MOVE = YES;
				CLANG_WARN_UNGUARDED_AVAILABILITY = YES_AGGRESSIVE;
				CLANG_WARN_UNREACHABLE_CODE = YES;
				CLANG_WARN__DUPLICATE_METHOD_MATCH = YES;
				COPY_PHASE_STRIP = NO;
				DEBUG_INFORMATION_FORMAT = dwarf;
				ENABLE_STRICT_OBJC_MSGSEND = YES;
				ENABLE_TESTABILITY = YES;
				GCC_C_LANGUAGE_STANDARD = gnu11;
				GCC_DYNAMIC_NO_PIC = NO;
				GCC_NO_COMMON_BLOCKS = YES;
				GCC_OPTIMIZATION_LEVEL = 0;
				GCC_PREPROCESSOR_DEFINITIONS = (
					"DEBUG=1",
					"$(inherited)",
				);
				GCC_WARN_64_TO_32_BIT_CONVERSION = YES;
				GCC_WARN_ABOUT_RETURN_TYPE = YES_ERROR;
				GCC_WARN_UNDECLARED_SELECTOR = YES;
				GCC_WARN_UNINITIALIZED_AUTOS = YES_AGGRESSIVE;
				GCC_WARN_UNUSED_FUNCTION = YES;
				GCC_WARN_UNUSED_VARIABLE = YES;
				IPHONEOS_DEPLOYMENT_TARGET = 13.2;
				MTL_ENABLE_DEBUG_INFO = INCLUDE_SOURCE;
				MTL_FAST_MATH = YES;
				ONLY_ACTIVE_ARCH = YES;
				SDKROOT = iphoneos;
				SWIFT_ACTIVE_COMPILATION_CONDITIONS = DEBUG;
				SWIFT_OPTIMIZATION_LEVEL = "-Onone";
			};
			name = Debug;
		};
		096A845623F7062A00EDE276 /* Release */ = {
			isa = XCBuildConfiguration;
			buildSettings = {
				ALWAYS_SEARCH_USER_PATHS = NO;
				CLANG_ANALYZER_NONNULL = YES;
				CLANG_ANALYZER_NUMBER_OBJECT_CONVERSION = YES_AGGRESSIVE;
				CLANG_CXX_LANGUAGE_STANDARD = "gnu++14";
				CLANG_CXX_LIBRARY = "libc++";
				CLANG_ENABLE_MODULES = YES;
				CLANG_ENABLE_OBJC_ARC = YES;
				CLANG_ENABLE_OBJC_WEAK = YES;
				CLANG_WARN_BLOCK_CAPTURE_AUTORELEASING = YES;
				CLANG_WARN_BOOL_CONVERSION = YES;
				CLANG_WARN_COMMA = YES;
				CLANG_WARN_CONSTANT_CONVERSION = YES;
				CLANG_WARN_DEPRECATED_OBJC_IMPLEMENTATIONS = YES;
				CLANG_WARN_DIRECT_OBJC_ISA_USAGE = YES_ERROR;
				CLANG_WARN_DOCUMENTATION_COMMENTS = YES;
				CLANG_WARN_EMPTY_BODY = YES;
				CLANG_WARN_ENUM_CONVERSION = YES;
				CLANG_WARN_INFINITE_RECURSION = YES;
				CLANG_WARN_INT_CONVERSION = YES;
				CLANG_WARN_NON_LITERAL_NULL_CONVERSION = YES;
				CLANG_WARN_OBJC_IMPLICIT_RETAIN_SELF = YES;
				CLANG_WARN_OBJC_LITERAL_CONVERSION = YES;
				CLANG_WARN_OBJC_ROOT_CLASS = YES_ERROR;
				CLANG_WARN_RANGE_LOOP_ANALYSIS = YES;
				CLANG_WARN_STRICT_PROTOTYPES = YES;
				CLANG_WARN_SUSPICIOUS_MOVE = YES;
				CLANG_WARN_UNGUARDED_AVAILABILITY = YES_AGGRESSIVE;
				CLANG_WARN_UNREACHABLE_CODE = YES;
				CLANG_WARN__DUPLICATE_METHOD_MATCH = YES;
				COPY_PHASE_STRIP = NO;
				DEBUG_INFORMATION_FORMAT = "dwarf-with-dsym";
				ENABLE_NS_ASSERTIONS = NO;
				ENABLE_STRICT_OBJC_MSGSEND = YES;
				GCC_C_LANGUAGE_STANDARD = gnu11;
				GCC_NO_COMMON_BLOCKS = YES;
				GCC_WARN_64_TO_32_BIT_CONVERSION = YES;
				GCC_WARN_ABOUT_RETURN_TYPE = YES_ERROR;
				GCC_WARN_UNDECLARED_SELECTOR = YES;
				GCC_WARN_UNINITIALIZED_AUTOS = YES_AGGRESSIVE;
				GCC_WARN_UNUSED_FUNCTION = YES;
				GCC_WARN_UNUSED_VARIABLE = YES;
				IPHONEOS_DEPLOYMENT_TARGET = 13.2;
				MTL_ENABLE_DEBUG_INFO = NO;
				MTL_FAST_MATH = YES;
				SDKROOT = iphoneos;
				SWIFT_COMPILATION_MODE = wholemodule;
				SWIFT_OPTIMIZATION_LEVEL = "-O";
				VALIDATE_PRODUCT = YES;
			};
			name = Release;
		};
		096A845823F7062A00EDE276 /* Debug */ = {
			isa = XCBuildConfiguration;
			buildSettings = {
				ASSETCATALOG_COMPILER_APPICON_NAME = AppIcon;
				CODE_SIGN_STYLE = Automatic;
				DEVELOPMENT_TEAM = 5U3Z45X3KZ;
				INFOPLIST_FILE = "Potion Unlock/Info.plist";
				LD_RUNPATH_SEARCH_PATHS = (
					"$(inherited)",
					"@executable_path/Frameworks",
				);
				PRODUCT_BUNDLE_IDENTIFIER = "com.sotelo.Potion-Unlock";
				PRODUCT_NAME = "$(TARGET_NAME)";
				SWIFT_VERSION = 5.0;
				TARGETED_DEVICE_FAMILY = "1,2";
			};
			name = Debug;
		};
		096A845923F7062A00EDE276 /* Release */ = {
			isa = XCBuildConfiguration;
			buildSettings = {
				ASSETCATALOG_COMPILER_APPICON_NAME = AppIcon;
				CODE_SIGN_STYLE = Automatic;
				DEVELOPMENT_TEAM = 5U3Z45X3KZ;
				INFOPLIST_FILE = "Potion Unlock/Info.plist";
				LD_RUNPATH_SEARCH_PATHS = (
					"$(inherited)",
					"@executable_path/Frameworks",
				);
				PRODUCT_BUNDLE_IDENTIFIER = "com.sotelo.Potion-Unlock";
				PRODUCT_NAME = "$(TARGET_NAME)";
				SWIFT_VERSION = 5.0;
				TARGETED_DEVICE_FAMILY = "1,2";
			};
			name = Release;
		};
		096A845B23F7062A00EDE276 /* Debug */ = {
			isa = XCBuildConfiguration;
			buildSettings = {
				ALWAYS_EMBED_SWIFT_STANDARD_LIBRARIES = YES;
				BUNDLE_LOADER = "$(TEST_HOST)";
				CODE_SIGN_STYLE = Automatic;
				DEVELOPMENT_TEAM = 5U3Z45X3KZ;
				INFOPLIST_FILE = "Potion UnlockTests/Info.plist";
				IPHONEOS_DEPLOYMENT_TARGET = 13.2;
				LD_RUNPATH_SEARCH_PATHS = (
					"$(inherited)",
					"@executable_path/Frameworks",
					"@loader_path/Frameworks",
				);
				PRODUCT_BUNDLE_IDENTIFIER = "com.sotelo.Potion-UnlockTests";
				PRODUCT_NAME = "$(TARGET_NAME)";
				SWIFT_VERSION = 5.0;
				TARGETED_DEVICE_FAMILY = "1,2";
				TEST_HOST = "$(BUILT_PRODUCTS_DIR)/Potion Unlock.app/Potion Unlock";
			};
			name = Debug;
		};
		096A845C23F7062A00EDE276 /* Release */ = {
			isa = XCBuildConfiguration;
			buildSettings = {
				ALWAYS_EMBED_SWIFT_STANDARD_LIBRARIES = YES;
				BUNDLE_LOADER = "$(TEST_HOST)";
				CODE_SIGN_STYLE = Automatic;
				DEVELOPMENT_TEAM = 5U3Z45X3KZ;
				INFOPLIST_FILE = "Potion UnlockTests/Info.plist";
				IPHONEOS_DEPLOYMENT_TARGET = 13.2;
				LD_RUNPATH_SEARCH_PATHS = (
					"$(inherited)",
					"@executable_path/Frameworks",
					"@loader_path/Frameworks",
				);
				PRODUCT_BUNDLE_IDENTIFIER = "com.sotelo.Potion-UnlockTests";
				PRODUCT_NAME = "$(TARGET_NAME)";
				SWIFT_VERSION = 5.0;
				TARGETED_DEVICE_FAMILY = "1,2";
				TEST_HOST = "$(BUILT_PRODUCTS_DIR)/Potion Unlock.app/Potion Unlock";
			};
			name = Release;
		};
		096A845E23F7062A00EDE276 /* Debug */ = {
			isa = XCBuildConfiguration;
			buildSettings = {
				ALWAYS_EMBED_SWIFT_STANDARD_LIBRARIES = YES;
				CODE_SIGN_STYLE = Automatic;
				DEVELOPMENT_TEAM = 5U3Z45X3KZ;
				INFOPLIST_FILE = "Potion UnlockUITests/Info.plist";
				LD_RUNPATH_SEARCH_PATHS = (
					"$(inherited)",
					"@executable_path/Frameworks",
					"@loader_path/Frameworks",
				);
				PRODUCT_BUNDLE_IDENTIFIER = "com.sotelo.Potion-UnlockUITests";
				PRODUCT_NAME = "$(TARGET_NAME)";
				SWIFT_VERSION = 5.0;
				TARGETED_DEVICE_FAMILY = "1,2";
				TEST_TARGET_NAME = "Potion Unlock";
			};
			name = Debug;
		};
		096A845F23F7062A00EDE276 /* Release */ = {
			isa = XCBuildConfiguration;
			buildSettings = {
				ALWAYS_EMBED_SWIFT_STANDARD_LIBRARIES = YES;
				CODE_SIGN_STYLE = Automatic;
				DEVELOPMENT_TEAM = 5U3Z45X3KZ;
				INFOPLIST_FILE = "Potion UnlockUITests/Info.plist";
				LD_RUNPATH_SEARCH_PATHS = (
					"$(inherited)",
					"@executable_path/Frameworks",
					"@loader_path/Frameworks",
				);
				PRODUCT_BUNDLE_IDENTIFIER = "com.sotelo.Potion-UnlockUITests";
				PRODUCT_NAME = "$(TARGET_NAME)";
				SWIFT_VERSION = 5.0;
				TARGETED_DEVICE_FAMILY = "1,2";
				TEST_TARGET_NAME = "Potion Unlock";
			};
			name = Release;
		};
/* End XCBuildConfiguration section */

/* Begin XCConfigurationList section */
		096A842823F7062500EDE276 /* Build configuration list for PBXProject "Potion Unlock" */ = {
			isa = XCConfigurationList;
			buildConfigurations = (
				096A845523F7062A00EDE276 /* Debug */,
				096A845623F7062A00EDE276 /* Release */,
			);
			defaultConfigurationIsVisible = 0;
			defaultConfigurationName = Release;
		};
		096A845723F7062A00EDE276 /* Build configuration list for PBXNativeTarget "Potion Unlock" */ = {
			isa = XCConfigurationList;
			buildConfigurations = (
				096A845823F7062A00EDE276 /* Debug */,
				096A845923F7062A00EDE276 /* Release */,
			);
			defaultConfigurationIsVisible = 0;
			defaultConfigurationName = Release;
		};
		096A845A23F7062A00EDE276 /* Build configuration list for PBXNativeTarget "Potion UnlockTests" */ = {
			isa = XCConfigurationList;
			buildConfigurations = (
				096A845B23F7062A00EDE276 /* Debug */,
				096A845C23F7062A00EDE276 /* Release */,
			);
			defaultConfigurationIsVisible = 0;
			defaultConfigurationName = Release;
		};
		096A845D23F7062A00EDE276 /* Build configuration list for PBXNativeTarget "Potion UnlockUITests" */ = {
			isa = XCConfigurationList;
			buildConfigurations = (
				096A845E23F7062A00EDE276 /* Debug */,
				096A845F23F7062A00EDE276 /* Release */,
			);
			defaultConfigurationIsVisible = 0;
			defaultConfigurationName = Release;
		};
/* End XCConfigurationList section */
	};
	rootObject = 096A842523F7062500EDE276 /* Project object */;
}
